
Microsoft Visual Studio Solution File, Format Version 12.00
# Visual Studio Version 17
VisualStudioVersion = 17.7.34018.315
MinimumVisualStudioVersion = 10.0.40219.1
Project("{FAE04EC0-301F-11D3-BF4B-00C04F79EFBC}") = "BookStore API", "BookStore API\BookStore API.csproj", "{F33E7F94-24EE-44BF-9D80-53E86AD2D99F}"
EndProject
Global
	GlobalSection(SolutionConfigurationPlatforms) = preSolution
		Debug|Any CPU = Debug|Any CPU
		Release|Any CPU = Release|Any CPU
	EndGlobalSection
	GlobalSection(ProjectConfigurationPlatforms) = postSolution
		{F33E7F94-24EE-44BF-9D80-53E86AD2D99F}.Debug|Any CPU.ActiveCfg = Debug|Any CPU
		{F33E7F94-24EE-44BF-9D80-53E86AD2D99F}.Debug|Any CPU.Build.0 = Debug|Any CPU
		{F33E7F94-24EE-44BF-9D80-53E86AD2D99F}.Release|Any CPU.ActiveCfg = Release|Any CPU
		{F33E7F94-24EE-44BF-9D80-53E86AD2D99F}.Release|Any CPU.Build.0 = Release|Any CPU
	EndGlobalSection
	GlobalSection(SolutionProperties) = preSolution
		HideSolutionNode = FALSE
	EndGlobalSection
	GlobalSection(ExtensibilityGlobals) = postSolution
		SolutionGuid = {BFA204C9-8BEF-4D4C-B78C-B32D5BEB594C}
	EndGlobalSection
EndGlobal
